
Microsoft Visual Studio Solution File, Format Version 12.00
# Visual Studio Version 16
VisualStudioVersion = 16.0.29806.167
MinimumVisualStudioVersion = 10.0.40219.1
Project("{9A19103F-16F7-4668-BE54-9A1E7A4F7556}") = "bai1_helloworld", "bai1_helloworld\bai1_helloworld.csproj", "{B8A66F83-9D01-449F-BB20-D75C58E2387A}"
EndProject
Project("{9A19103F-16F7-4668-BE54-9A1E7A4F7556}") = "bai2_tong2so", "bai2_tong2so\bai2_tong2so.csproj", "{C9F268F0-9371-4D31-95BA-3C3957D3EDD8}"
EndProject
Project("{FAE04EC0-301F-11D3-BF4B-00C04F79EFBC}") = "bai3_Tong_Hieu_Tich_Thuong", "bai3_Tong_Hieu_Tich_Thuong\bai3_Tong_Hieu_Tich_Thuong.csproj", "{DEF29C06-4967-47FD-989D-755ADD6070BC}"
EndProject
Global
	GlobalSection(SolutionConfigurationPlatforms) = preSolution
		Debug|Any CPU = Debug|Any CPU
		Release|Any CPU = Release|Any CPU
	EndGlobalSection
	GlobalSection(ProjectConfigurationPlatforms) = postSolution
		{B8A66F83-9D01-449F-BB20-D75C58E2387A}.Debug|Any CPU.ActiveCfg = Debug|Any CPU
		{B8A66F83-9D01-449F-BB20-D75C58E2387A}.Debug|Any CPU.Build.0 = Debug|Any CPU
		{B8A66F83-9D01-449F-BB20-D75C58E2387A}.Release|Any CPU.ActiveCfg = Release|Any CPU
		{B8A66F83-9D01-449F-BB20-D75C58E2387A}.Release|Any CPU.Build.0 = Release|Any CPU
		{C9F268F0-9371-4D31-95BA-3C3957D3EDD8}.Debug|Any CPU.ActiveCfg = Debug|Any CPU
		{C9F268F0-9371-4D31-95BA-3C3957D3EDD8}.Debug|Any CPU.Build.0 = Debug|Any CPU
		{C9F268F0-9371-4D31-95BA-3C3957D3EDD8}.Release|Any CPU.ActiveCfg = Release|Any CPU
		{C9F268F0-9371-4D31-95BA-3C3957D3EDD8}.Release|Any CPU.Build.0 = Release|Any CPU
		{DEF29C06-4967-47FD-989D-755ADD6070BC}.Debug|Any CPU.ActiveCfg = Debug|Any CPU
		{DEF29C06-4967-47FD-989D-755ADD6070BC}.Debug|Any CPU.Build.0 = Debug|Any CPU
		{DEF29C06-4967-47FD-989D-755ADD6070BC}.Release|Any CPU.ActiveCfg = Release|Any CPU
		{DEF29C06-4967-47FD-989D-755ADD6070BC}.Release|Any CPU.Build.0 = Release|Any CPU
	EndGlobalSection
	GlobalSection(SolutionProperties) = preSolution
		HideSolutionNode = FALSE
	EndGlobalSection
	GlobalSection(ExtensibilityGlobals) = postSolution
		SolutionGuid = {79FACEC1-9794-4810-8ED1-40F78C4BCA0F}
	EndGlobalSection
EndGlobal
