
Microsoft Visual Studio Solution File, Format Version 12.00
# Visual Studio Version 16
VisualStudioVersion = 16.0.29806.167
MinimumVisualStudioVersion = 10.0.40219.1
Project("{9A19103F-16F7-4668-BE54-9A1E7A4F7556}") = "Bai1_Multiples_of_3_and_5", "Bai1_Multiples_of_3_and_5\Bai1_Multiples_of_3_and_5.csproj", "{DD99A1BF-7D82-4C0A-A5FE-25A75197F50A}"
EndProject
Project("{9A19103F-16F7-4668-BE54-9A1E7A4F7556}") = "Bai2_Even_Fibonacci_numbers", "Bai2_Even_Fibonacci_numbers\Bai2_Even_Fibonacci_numbers.csproj", "{8C239098-6ABE-4956-AC1D-4FCEA898F10A}"
EndProject
Project("{9A19103F-16F7-4668-BE54-9A1E7A4F7556}") = "Bai3_Largest_prime_factor", "Bai3_Largest_prime_factor\Bai3_Largest_prime_factor.csproj", "{F8F7C484-63DD-4B7C-9EFF-8E4FC809126B}"
EndProject
Project("{FAE04EC0-301F-11D3-BF4B-00C04F79EFBC}") = "vai5_Smallest_multiple", "vai5_Smallest_multiple\vai5_Smallest_multiple.csproj", "{0FA476C8-6F32-4065-A21D-1F21DBE08110}"
EndProject
Project("{FAE04EC0-301F-11D3-BF4B-00C04F79EFBC}") = "bai6_Sum_square_difference", "bai6_Sum_square_difference\bai6_Sum_square_difference.csproj", "{7D345CD1-8B46-46DC-9AF3-C38193FF5395}"
EndProject
Project("{FAE04EC0-301F-11D3-BF4B-00C04F79EFBC}") = "bai7_10001st_prime", "bai7_10001st_prime\bai7_10001st_prime.csproj", "{F0B49666-A3A1-420C-A5F5-706C6210F537}"
EndProject
Global
	GlobalSection(SolutionConfigurationPlatforms) = preSolution
		Debug|Any CPU = Debug|Any CPU
		Release|Any CPU = Release|Any CPU
	EndGlobalSection
	GlobalSection(ProjectConfigurationPlatforms) = postSolution
		{DD99A1BF-7D82-4C0A-A5FE-25A75197F50A}.Debug|Any CPU.ActiveCfg = Debug|Any CPU
		{DD99A1BF-7D82-4C0A-A5FE-25A75197F50A}.Debug|Any CPU.Build.0 = Debug|Any CPU
		{DD99A1BF-7D82-4C0A-A5FE-25A75197F50A}.Release|Any CPU.ActiveCfg = Release|Any CPU
		{DD99A1BF-7D82-4C0A-A5FE-25A75197F50A}.Release|Any CPU.Build.0 = Release|Any CPU
		{8C239098-6ABE-4956-AC1D-4FCEA898F10A}.Debug|Any CPU.ActiveCfg = Debug|Any CPU
		{8C239098-6ABE-4956-AC1D-4FCEA898F10A}.Debug|Any CPU.Build.0 = Debug|Any CPU
		{8C239098-6ABE-4956-AC1D-4FCEA898F10A}.Release|Any CPU.ActiveCfg = Release|Any CPU
		{8C239098-6ABE-4956-AC1D-4FCEA898F10A}.Release|Any CPU.Build.0 = Release|Any CPU
		{F8F7C484-63DD-4B7C-9EFF-8E4FC809126B}.Debug|Any CPU.ActiveCfg = Debug|Any CPU
		{F8F7C484-63DD-4B7C-9EFF-8E4FC809126B}.Debug|Any CPU.Build.0 = Debug|Any CPU
		{F8F7C484-63DD-4B7C-9EFF-8E4FC809126B}.Release|Any CPU.ActiveCfg = Release|Any CPU
		{F8F7C484-63DD-4B7C-9EFF-8E4FC809126B}.Release|Any CPU.Build.0 = Release|Any CPU
		{0FA476C8-6F32-4065-A21D-1F21DBE08110}.Debug|Any CPU.ActiveCfg = Debug|Any CPU
		{0FA476C8-6F32-4065-A21D-1F21DBE08110}.Debug|Any CPU.Build.0 = Debug|Any CPU
		{0FA476C8-6F32-4065-A21D-1F21DBE08110}.Release|Any CPU.ActiveCfg = Release|Any CPU
		{0FA476C8-6F32-4065-A21D-1F21DBE08110}.Release|Any CPU.Build.0 = Release|Any CPU
		{7D345CD1-8B46-46DC-9AF3-C38193FF5395}.Debug|Any CPU.ActiveCfg = Debug|Any CPU
		{7D345CD1-8B46-46DC-9AF3-C38193FF5395}.Debug|Any CPU.Build.0 = Debug|Any CPU
		{7D345CD1-8B46-46DC-9AF3-C38193FF5395}.Release|Any CPU.ActiveCfg = Release|Any CPU
		{7D345CD1-8B46-46DC-9AF3-C38193FF5395}.Release|Any CPU.Build.0 = Release|Any CPU
		{F0B49666-A3A1-420C-A5F5-706C6210F537}.Debug|Any CPU.ActiveCfg = Debug|Any CPU
		{F0B49666-A3A1-420C-A5F5-706C6210F537}.Debug|Any CPU.Build.0 = Debug|Any CPU
		{F0B49666-A3A1-420C-A5F5-706C6210F537}.Release|Any CPU.ActiveCfg = Release|Any CPU
		{F0B49666-A3A1-420C-A5F5-706C6210F537}.Release|Any CPU.Build.0 = Release|Any CPU
	EndGlobalSection
	GlobalSection(SolutionProperties) = preSolution
		HideSolutionNode = FALSE
	EndGlobalSection
	GlobalSection(ExtensibilityGlobals) = postSolution
		SolutionGuid = {E9231F69-B290-4CB9-9745-2723464B45E2}
	EndGlobalSection
EndGlobal
